
Microsoft Visual Studio Solution File, Format Version 12.00
# Visual Studio Version 17
VisualStudioVersion = 17.12.35527.113
MinimumVisualStudioVersion = 10.0.40219.1
Project("{F2A71F9B-5D33-465A-A702-920D77279786}") = "lab-01", "lab-01.fsproj", "{CEEA115F-06C5-424A-B141-BC2F7A4668EF}"
EndProject
Global
	GlobalSection(SolutionConfigurationPlatforms) = preSolution
		Debug|Any CPU = Debug|Any CPU
		Release|Any CPU = Release|Any CPU
	EndGlobalSection
	GlobalSection(ProjectConfigurationPlatforms) = postSolution
		{CEEA115F-06C5-424A-B141-BC2F7A4668EF}.Debug|Any CPU.ActiveCfg = Debug|Any CPU
		{CEEA115F-06C5-424A-B141-BC2F7A4668EF}.Debug|Any CPU.Build.0 = Debug|Any CPU
		{CEEA115F-06C5-424A-B141-BC2F7A4668EF}.Release|Any CPU.ActiveCfg = Release|Any CPU
		{CEEA115F-06C5-424A-B141-BC2F7A4668EF}.Release|Any CPU.Build.0 = Release|Any CPU
	EndGlobalSection
	GlobalSection(SolutionProperties) = preSolution
		HideSolutionNode = FALSE
	EndGlobalSection
EndGlobal
